
Microsoft Visual Studio Solution File, Format Version 12.00
# Visual Studio Version 17
VisualStudioVersion = 17.5.2.0
MinimumVisualStudioVersion = 10.0.40219.1
Project("{FAE04EC0-301F-11D3-BF4B-00C04F79EFBC}") = "Comissão de Vendas", "Comissão de Vendas.csproj", "{CF4485FC-8466-5F90-A29B-12C8528DD6CB}"
EndProject
Global
	GlobalSection(SolutionConfigurationPlatforms) = preSolution
		Debug|Any CPU = Debug|Any CPU
		Release|Any CPU = Release|Any CPU
	EndGlobalSection
	GlobalSection(ProjectConfigurationPlatforms) = postSolution
		{CF4485FC-8466-5F90-A29B-12C8528DD6CB}.Debug|Any CPU.ActiveCfg = Debug|Any CPU
		{CF4485FC-8466-5F90-A29B-12C8528DD6CB}.Debug|Any CPU.Build.0 = Debug|Any CPU
		{CF4485FC-8466-5F90-A29B-12C8528DD6CB}.Release|Any CPU.ActiveCfg = Release|Any CPU
		{CF4485FC-8466-5F90-A29B-12C8528DD6CB}.Release|Any CPU.Build.0 = Release|Any CPU
	EndGlobalSection
	GlobalSection(SolutionProperties) = preSolution
		HideSolutionNode = FALSE
	EndGlobalSection
	GlobalSection(ExtensibilityGlobals) = postSolution
		SolutionGuid = {858659A7-AD20-468F-919A-F55E00F6F023}
	EndGlobalSection
EndGlobal
